{
  "nodes": {
    "nixpkgs": {
      "locked": {
        "lastModified": 1716394274,
        "narHash": "sha256-w9IIFo2Z5+JquKbDuWmkfKpApQ6lfvCcHbGvMkR3/uA=",
        "owner": "NixOS",
        "repo": "nixpkgs",
        "rev": "3c80acabe4eef35d8662733c7e058907fa33a65d",
        "type": "github"
      },
      "original": {
        "owner": "NixOS",
        "ref": "24.05-beta",
        "repo": "nixpkgs",
        "type": "github"
      }
    },
    "root": {
      "inputs": {
        "nixpkgs": "nixpkgs"
      }
    }
  },
  "root": "root",
  "version": 7
}
